// !$*UTF8*$!
{
	archiveVersion = 1;
	classes = {
	};
	objectVersion = 46;
	objects = {

/* Begin PBXBuildFile section */
		993EB6A81D685235009489D7 /* TipsyModel.swift in Sources */ = {isa = PBXBuildFile; fileRef = 993EB6A71D685235009489D7 /* TipsyModel.swift */; };
		99DA24331D65691F00A88F37 /* AppDelegate.swift in Sources */ = {isa = PBXBuildFile; fileRef = 99DA24321D65691F00A88F37 /* AppDelegate.swift */; };
		99DA24351D65691F00A88F37 /* TipsyVC.swift in Sources */ = {isa = PBXBuildFile; fileRef = 99DA24341D65691F00A88F37 /* TipsyVC.swift */; };
		99DA24381D65691F00A88F37 /* Main.storyboard in Resources */ = {isa = PBXBuildFile; fileRef = 99DA24361D65691F00A88F37 /* Main.storyboard */; };
		99DA243A1D65691F00A88F37 /* Assets.xcassets in Resources */ = {isa = PBXBuildFile; fileRef = 99DA24391D65691F00A88F37 /* Assets.xcassets */; };
		99DA243D1D65691F00A88F37 /* LaunchScreen.storyboard in Resources */ = {isa = PBXBuildFile; fileRef = 99DA243B1D65691F00A88F37 /* LaunchScreen.storyboard */; };
/* End PBXBuildFile section */

/* Begin PBXFileReference section */
		993EB6A71D685235009489D7 /* TipsyModel.swift */ = {isa = PBXFileReference; fileEncoding = 4; lastKnownFileType = sourcecode.swift; path = TipsyModel.swift; sourceTree = "<group>"; };
		99DA242F1D65691F00A88F37 /* Tipsy.app */ = {isa = PBXFileReference; explicitFileType = wrapper.application; includeInIndex = 0; path = Tipsy.app; sourceTree = BUILT_PRODUCTS_DIR; };
		99DA24321D65691F00A88F37 /* AppDelegate.swift */ = {isa = PBXFileReference; lastKnownFileType = sourcecode.swift; path = AppDelegate.swift; sourceTree = "<group>"; };
		99DA24341D65691F00A88F37 /* TipsyVC.swift */ = {isa = PBXFileReference; lastKnownFileType = sourcecode.swift; path = TipsyVC.swift; sourceTree = "<group>"; };
		99DA24371D65691F00A88F37 /* Base */ = {isa = PBXFileReference; lastKnownFileType = file.storyboard; name = Base; path = Base.lproj/Main.storyboard; sourceTree = "<group>"; };
		99DA24391D65691F00A88F37 /* Assets.xcassets */ = {isa = PBXFileReference; lastKnownFileType = folder.assetcatalog; path = Assets.xcassets; sourceTree = "<group>"; };
		99DA243C1D65691F00A88F37 /* Base */ = {isa = PBXFileReference; lastKnownFileType = file.storyboard; name = Base; path = Base.lproj/LaunchScreen.storyboard; sourceTree = "<group>"; };
		99DA243E1D65691F00A88F37 /* Info.plist */ = {isa = PBXFileReference; lastKnownFileType = text.plist.xml; path = Info.plist; sourceTree = "<group>"; };
/* End PBXFileReference section */

/* Begin PBXFrameworksBuildPhase section */
		99DA242C1D65691F00A88F37 /* Frameworks */ = {
			isa = PBXFrameworksBuildPhase;
			buildActionMask = 2147483647;
			files = (
			);
			runOnlyForDeploymentPostprocessing = 0;
		};
/* End PBXFrameworksBuildPhase section */

/* Begin PBXGroup section */
		993EB6A41D6851B3009489D7 /* Controller */ = {
			isa = PBXGroup;
			children = (
				99DA24341D65691F00A88F37 /* TipsyVC.swift */,
			);
			name = Controller;
			sourceTree = "<group>";
		};
		993EB6A51D6851B5009489D7 /* View */ = {
			isa = PBXGroup;
			children = (
			);
			name = View;
			sourceTree = "<group>";
		};
		993EB6A61D6851B6009489D7 /* Model */ = {
			isa = PBXGroup;
			children = (
				993EB6A71D685235009489D7 /* TipsyModel.swift */,
			);
			name = Model;
			sourceTree = "<group>";
		};
		99DA24261D65691F00A88F37 = {
			isa = PBXGroup;
			children = (
				99DA24311D65691F00A88F37 /* Tipsy */,
				99DA24301D65691F00A88F37 /* Products */,
			);
			sourceTree = "<group>";
		};
		99DA24301D65691F00A88F37 /* Products */ = {
			isa = PBXGroup;
			children = (
				99DA242F1D65691F00A88F37 /* Tipsy.app */,
			);
			name = Products;
			sourceTree = "<group>";
		};
		99DA24311D65691F00A88F37 /* Tipsy */ = {
			isa = PBXGroup;
			children = (
				993EB6A61D6851B6009489D7 /* Model */,
				993EB6A51D6851B5009489D7 /* View */,
				993EB6A41D6851B3009489D7 /* Controller */,
				99DA24321D65691F00A88F37 /* AppDelegate.swift */,
				99DA24361D65691F00A88F37 /* Main.storyboard */,
				99DA24391D65691F00A88F37 /* Assets.xcassets */,
				99DA243B1D65691F00A88F37 /* LaunchScreen.storyboard */,
				99DA243E1D65691F00A88F37 /* Info.plist */,
			);
			path = Tipsy;
			sourceTree = "<group>";
		};
/* End PBXGroup section */

/* Begin PBXNativeTarget section */
		99DA242E1D65691F00A88F37 /* Tipsy */ = {
			isa = PBXNativeTarget;
			buildConfigurationList = 99DA24411D65691F00A88F37 /* Build configuration list for PBXNativeTarget "Tipsy" */;
			buildPhases = (
				99DA242B1D65691F00A88F37 /* Sources */,
				99DA242C1D65691F00A88F37 /* Frameworks */,
				99DA242D1D65691F00A88F37 /* Resources */,
			);
			buildRules = (
			);
			dependencies = (
			);
			name = Tipsy;
			productName = Tipsy;
			productReference = 99DA242F1D65691F00A88F37 /* Tipsy.app */;
			productType = "com.apple.product-type.application";
		};
/* End PBXNativeTarget section */

/* Begin PBXProject section */
		99DA24271D65691F00A88F37 /* Project object */ = {
			isa = PBXProject;
			attributes = {
				LastSwiftUpdateCheck = 0800;
				LastUpgradeCheck = 0800;
				ORGANIZATIONNAME = "Aaron Burns";
				TargetAttributes = {
					99DA242E1D65691F00A88F37 = {
						CreatedOnToolsVersion = 8.0;
						DevelopmentTeam = 3UFAM3N5TL;
						ProvisioningStyle = Automatic;
					};
				};
			};
			buildConfigurationList = 99DA242A1D65691F00A88F37 /* Build configuration list for PBXProject "Tipsy" */;
			compatibilityVersion = "Xcode 3.2";
			developmentRegion = English;
			hasScannedForEncodings = 0;
			knownRegions = (
				en,
				Base,
			);
			mainGroup = 99DA24261D65691F00A88F37;
			productRefGroup = 99DA24301D65691F00A88F37 /* Products */;
			projectDirPath = "";
			projectRoot = "";
			targets = (
				99DA242E1D65691F00A88F37 /* Tipsy */,
			);
		};
/* End PBXProject section */

/* Begin PBXResourcesBuildPhase section */
		99DA242D1D65691F00A88F37 /* Resources */ = {
			isa = PBXResourcesBuildPhase;
			buildActionMask = 2147483647;
			files = (
				99DA243D1D65691F00A88F37 /* LaunchScreen.storyboard in Resources */,
				99DA243A1D65691F00A88F37 /* Assets.xcassets in Resources */,
				99DA24381D65691F00A88F37 /* Main.storyboard in Resources */,
			);
			runOnlyForDeploymentPostprocessing = 0;
		};
/* End PBXResourcesBuildPhase section */

/* Begin PBXSourcesBuildPhase section */
		99DA242B1D65691F00A88F37 /* Sources */ = {
			isa = PBXSourcesBuildPhase;
			buildActionMask = 2147483647;
			files = (
				99DA24351D65691F00A88F37 /* TipsyVC.swift in Sources */,
				99DA24331D65691F00A88F37 /* AppDelegate.swift in Sources */,
				993EB6A81D685235009489D7 /* TipsyModel.swift in Sources */,
			);
			runOnlyForDeploymentPostprocessing = 0;
		};
/* End PBXSourcesBuildPhase section */

/* Begin PBXVariantGroup section */
		99DA24361D65691F00A88F37 /* Main.storyboard */ = {
			isa = PBXVariantGroup;
			children = (
				99DA24371D65691F00A88F37 /* Base */,
			);
			name = Main.storyboard;
			sourceTree = "<group>";
		};
		99DA243B1D65691F00A88F37 /* LaunchScreen.storyboard */ = {
			isa = PBXVariantGroup;
			children = (
				99DA243C1D65691F00A88F37 /* Base */,
			);
			name = LaunchScreen.storyboard;
			sourceTree = "<group>";
		};
/* End PBXVariantGroup section */

/* Begin XCBuildConfiguration section */
		99DA243F1D65691F00A88F37 /* Debug */ = {
			isa = XCBuildConfiguration;
			buildSettings = {
				ALWAYS_SEARCH_USER_PATHS = NO;
				CLANG_ANALYZER_NONNULL = YES;
				CLANG_CXX_LANGUAGE_STANDARD = "gnu++0x";
				CLANG_CXX_LIBRARY = "libc++";
				CLANG_ENABLE_MODULES = YES;
				CLANG_ENABLE_OBJC_ARC = YES;
				CLANG_WARN_BOOL_CONVERSION = YES;
				CLANG_WARN_CONSTANT_CONVERSION = YES;
				CLANG_WARN_DIRECT_OBJC_ISA_USAGE = YES_ERROR;
				CLANG_WARN_DOCUMENTATION_COMMENTS = YES;
				CLANG_WARN_EMPTY_BODY = YES;
				CLANG_WARN_ENUM_CONVERSION = YES;
				CLANG_WARN_INFINITE_RECURSION = YES;
				CLANG_WARN_INT_CONVERSION = YES;
				CLANG_WARN_OBJC_ROOT_CLASS = YES_ERROR;
				CLANG_WARN_SUSPICIOUS_MOVES = YES;
				CLANG_WARN_UNREACHABLE_CODE = YES;
				CLANG_WARN__DUPLICATE_METHOD_MATCH = YES;
				"CODE_SIGN_IDENTITY[sdk=iphoneos*]" = "iPhone Developer";
				COPY_PHASE_STRIP = NO;
				DEBUG_INFORMATION_FORMAT = dwarf;
				ENABLE_STRICT_OBJC_MSGSEND = YES;
				ENABLE_TESTABILITY = YES;
				GCC_C_LANGUAGE_STANDARD = gnu99;
				GCC_DYNAMIC_NO_PIC = NO;
				GCC_NO_COMMON_BLOCKS = YES;
				GCC_OPTIMIZATION_LEVEL = 0;
				GCC_PREPROCESSOR_DEFINITIONS = (
					"DEBUG=1",
					"$(inherited)",
				);
				GCC_WARN_64_TO_32_BIT_CONVERSION = YES;
				GCC_WARN_ABOUT_RETURN_TYPE = YES_ERROR;
				GCC_WARN_UNDECLARED_SELECTOR = YES;
				GCC_WARN_UNINITIALIZED_AUTOS = YES_AGGRESSIVE;
				GCC_WARN_UNUSED_FUNCTION = YES;
				GCC_WARN_UNUSED_VARIABLE = YES;
				IPHONEOS_DEPLOYMENT_TARGET = 10.0;
				MTL_ENABLE_DEBUG_INFO = YES;
				ONLY_ACTIVE_ARCH = YES;
				SDKROOT = iphoneos;
				SWIFT_ACTIVE_COMPILATION_CONDITIONS = DEBUG;
				SWIFT_OPTIMIZATION_LEVEL = "-Onone";
			};
			name = Debug;
		};
		99DA24401D65691F00A88F37 /* Release */ = {
			isa = XCBuildConfiguration;
			buildSettings = {
				ALWAYS_SEARCH_USER_PATHS = NO;
				CLANG_ANALYZER_NONNULL = YES;
				CLANG_CXX_LANGUAGE_STANDARD = "gnu++0x";
				CLANG_CXX_LIBRARY = "libc++";
				CLANG_ENABLE_MODULES = YES;
				CLANG_ENABLE_OBJC_ARC = YES;
				CLANG_WARN_BOOL_CONVERSION = YES;
				CLANG_WARN_CONSTANT_CONVERSION = YES;
				CLANG_WARN_DIRECT_OBJC_ISA_USAGE = YES_ERROR;
				CLANG_WARN_DOCUMENTATION_COMMENTS = YES;
				CLANG_WARN_EMPTY_BODY = YES;
				CLANG_WARN_ENUM_CONVERSION = YES;
				CLANG_WARN_INFINITE_RECURSION = YES;
				CLANG_WARN_INT_CONVERSION = YES;
				CLANG_WARN_OBJC_ROOT_CLASS = YES_ERROR;
				CLANG_WARN_SUSPICIOUS_MOVES = YES;
				CLANG_WARN_UNREACHABLE_CODE = YES;
				CLANG_WARN__DUPLICATE_METHOD_MATCH = YES;
				"CODE_SIGN_IDENTITY[sdk=iphoneos*]" = "iPhone Developer";
				COPY_PHASE_STRIP = NO;
				DEBUG_INFORMATION_FORMAT = "dwarf-with-dsym";
				ENABLE_NS_ASSERTIONS = NO;
				ENABLE_STRICT_OBJC_MSGSEND = YES;
				GCC_C_LANGUAGE_STANDARD = gnu99;
				GCC_NO_COMMON_BLOCKS = YES;
				GCC_WARN_64_TO_32_BIT_CONVERSION = YES;
				GCC_WARN_ABOUT_RETURN_TYPE = YES_ERROR;
				GCC_WARN_UNDECLARED_SELECTOR = YES;
				GCC_WARN_UNINITIALIZED_AUTOS = YES_AGGRESSIVE;
				GCC_WARN_UNUSED_FUNCTION = YES;
				GCC_WARN_UNUSED_VARIABLE = YES;
				IPHONEOS_DEPLOYMENT_TARGET = 10.0;
				MTL_ENABLE_DEBUG_INFO = NO;
				SDKROOT = iphoneos;
				SWIFT_OPTIMIZATION_LEVEL = "-Owholemodule";
				VALIDATE_PRODUCT = YES;
			};
			name = Release;
		};
		99DA24421D65691F00A88F37 /* Debug */ = {
			isa = XCBuildConfiguration;
			buildSettings = {
				ASSETCATALOG_COMPILER_APPICON_NAME = AppIcon;
				DEVELOPMENT_TEAM = 3UFAM3N5TL;
				INFOPLIST_FILE = Tipsy/Info.plist;
				LD_RUNPATH_SEARCH_PATHS = "$(inherited) @executable_path/Frameworks";
				PRODUCT_BUNDLE_IDENTIFIER = com.spongy.Tipsy;
				PRODUCT_NAME = "$(TARGET_NAME)";
				SWIFT_VERSION = 3.0;
			};
			name = Debug;
		};
		99DA24431D65691F00A88F37 /* Release */ = {
			isa = XCBuildConfiguration;
			buildSettings = {
				ASSETCATALOG_COMPILER_APPICON_NAME = AppIcon;
				DEVELOPMENT_TEAM = 3UFAM3N5TL;
				INFOPLIST_FILE = Tipsy/Info.plist;
				LD_RUNPATH_SEARCH_PATHS = "$(inherited) @executable_path/Frameworks";
				PRODUCT_BUNDLE_IDENTIFIER = com.spongy.Tipsy;
				PRODUCT_NAME = "$(TARGET_NAME)";
				SWIFT_VERSION = 3.0;
			};
			name = Release;
		};
/* End XCBuildConfiguration section */

/* Begin XCConfigurationList section */
		99DA242A1D65691F00A88F37 /* Build configuration list for PBXProject "Tipsy" */ = {
			isa = XCConfigurationList;
			buildConfigurations = (
				99DA243F1D65691F00A88F37 /* Debug */,
				99DA24401D65691F00A88F37 /* Release */,
			);
			defaultConfigurationIsVisible = 0;
			defaultConfigurationName = Release;
		};
		99DA24411D65691F00A88F37 /* Build configuration list for PBXNativeTarget "Tipsy" */ = {
			isa = XCConfigurationList;
			buildConfigurations = (
				99DA24421D65691F00A88F37 /* Debug */,
				99DA24431D65691F00A88F37 /* Release */,
			);
			defaultConfigurationIsVisible = 0;
			defaultConfigurationName = Release;
		};
/* End XCConfigurationList section */
	};
	rootObject = 99DA24271D65691F00A88F37 /* Project object */;
}
